// !$*UTF8*$!
{
	archiveVersion = 1;
	classes = {
	};
	objectVersion = 51;
	objects = {

/* Begin PBXBuildFile section */
		444B6CFDFB5D2E0B5512EE75 /* Pods_NewsApp.framework in Frameworks */ = {isa = PBXBuildFile; fileRef = 776EB84C02957BEE1916D8F2 /* Pods_NewsApp.framework */; };
		B64BF4F027FFFD1E00327AE6 /* AppDelegate.swift in Sources */ = {isa = PBXBuildFile; fileRef = B64BF4EF27FFFD1E00327AE6 /* AppDelegate.swift */; };
		B64BF4F227FFFD1E00327AE6 /* SceneDelegate.swift in Sources */ = {isa = PBXBuildFile; fileRef = B64BF4F127FFFD1E00327AE6 /* SceneDelegate.swift */; };
		B64BF4FA27FFFD1E00327AE6 /* NewsApp.xcdatamodeld in Sources */ = {isa = PBXBuildFile; fileRef = B64BF4F827FFFD1E00327AE6 /* NewsApp.xcdatamodeld */; };
		B64BF4FC27FFFD1F00327AE6 /* Assets.xcassets in Resources */ = {isa = PBXBuildFile; fileRef = B64BF4FB27FFFD1F00327AE6 /* Assets.xcassets */; };
		B64BF4FF27FFFD1F00327AE6 /* LaunchScreen.storyboard in Resources */ = {isa = PBXBuildFile; fileRef = B64BF4FD27FFFD1F00327AE6 /* LaunchScreen.storyboard */; };
		B65BBE6F280032D000270C0C /* Constants.swift in Sources */ = {isa = PBXBuildFile; fileRef = B65BBE6E280032D000270C0C /* Constants.swift */; };
		B65BBE742800332200270C0C /* CategoryTableViewCell.swift in Sources */ = {isa = PBXBuildFile; fileRef = B65BBE722800332200270C0C /* CategoryTableViewCell.swift */; };
		B65BBE752800332200270C0C /* CategoryTableViewCell.xib in Resources */ = {isa = PBXBuildFile; fileRef = B65BBE732800332200270C0C /* CategoryTableViewCell.xib */; };
		B65BBE7E2800585900270C0C /* Category.swift in Sources */ = {isa = PBXBuildFile; fileRef = B65BBE7D2800585900270C0C /* Category.swift */; };
		B65BBE8128005D8A00270C0C /* OnboardingViewModel.swift in Sources */ = {isa = PBXBuildFile; fileRef = B65BBE8028005D8A00270C0C /* OnboardingViewModel.swift */; };
		B65BBE8528005E5800270C0C /* Protocols.swift in Sources */ = {isa = PBXBuildFile; fileRef = B65BBE8428005E5800270C0C /* Protocols.swift */; };
		B667B3CD280005A800140606 /* OnboardingViewController.swift in Sources */ = {isa = PBXBuildFile; fileRef = B667B3CB280005A800140606 /* OnboardingViewController.swift */; };
		B667B3CE280005A800140606 /* OnboardingViewController.xib in Resources */ = {isa = PBXBuildFile; fileRef = B667B3CC280005A800140606 /* OnboardingViewController.xib */; };
		B667B3FB2800188300140606 /* BaseViewController.swift in Sources */ = {isa = PBXBuildFile; fileRef = B667B3FA2800188300140606 /* BaseViewController.swift */; };
		B667B40E28002B0600140606 /* PickerTextField.swift in Sources */ = {isa = PBXBuildFile; fileRef = B667B40D28002B0600140606 /* PickerTextField.swift */; };
		B6FEF7D428012EF100626DDC /* Country.swift in Sources */ = {isa = PBXBuildFile; fileRef = B6FEF7D328012EF100626DDC /* Country.swift */; };
		B6FEF7E228014F1100626DDC /* ApplicationNetworking.swift in Sources */ = {isa = PBXBuildFile; fileRef = B6FEF7E128014F1100626DDC /* ApplicationNetworking.swift */; };
		B6FEF7E628014F3000626DDC /* BaseAPI.swift in Sources */ = {isa = PBXBuildFile; fileRef = B6FEF7E528014F3000626DDC /* BaseAPI.swift */; };
		B6FEF7E928014F4E00626DDC /* NewsAPI.swift in Sources */ = {isa = PBXBuildFile; fileRef = B6FEF7E828014F4D00626DDC /* NewsAPI.swift */; };
		B6FEF7EC28014F6600626DDC /* TargetType.swift in Sources */ = {isa = PBXBuildFile; fileRef = B6FEF7EB28014F6600626DDC /* TargetType.swift */; };
		B6FEF82928015A9000626DDC /* NewsResponse.swift in Sources */ = {isa = PBXBuildFile; fileRef = B6FEF82828015A9000626DDC /* NewsResponse.swift */; };
		B6FEF82C28015AB400626DDC /* Article.swift in Sources */ = {isa = PBXBuildFile; fileRef = B6FEF82B28015AB400626DDC /* Article.swift */; };
		B6FEF82F28015AD200626DDC /* Source.swift in Sources */ = {isa = PBXBuildFile; fileRef = B6FEF82E28015AD200626DDC /* Source.swift */; };
		B6FEF83428018A7F00626DDC /* HomeViewController.swift in Sources */ = {isa = PBXBuildFile; fileRef = B6FEF83228018A7F00626DDC /* HomeViewController.swift */; };
		B6FEF83528018A7F00626DDC /* HomeViewController.xib in Resources */ = {isa = PBXBuildFile; fileRef = B6FEF83328018A7F00626DDC /* HomeViewController.xib */; };
		B6FEF83928018FAC00626DDC /* HomeViewModel.swift in Sources */ = {isa = PBXBuildFile; fileRef = B6FEF83828018FAC00626DDC /* HomeViewModel.swift */; };
		B6FEF8432801A76900626DDC /* NewsTableViewCell.swift in Sources */ = {isa = PBXBuildFile; fileRef = B6FEF8412801A76900626DDC /* NewsTableViewCell.swift */; };
		B6FEF8442801A76900626DDC /* NewsTableViewCell.xib in Resources */ = {isa = PBXBuildFile; fileRef = B6FEF8422801A76900626DDC /* NewsTableViewCell.xib */; };
		B6FEF8872801D63100626DDC /* NewsDetailsViewController.swift in Sources */ = {isa = PBXBuildFile; fileRef = B6FEF8852801D63100626DDC /* NewsDetailsViewController.swift */; };
		B6FEF8882801D63100626DDC /* NewsDetailsViewController.xib in Resources */ = {isa = PBXBuildFile; fileRef = B6FEF8862801D63100626DDC /* NewsDetailsViewController.xib */; };
		B6FEF88E2801F6F600626DDC /* NewsCache.swift in Sources */ = {isa = PBXBuildFile; fileRef = B6FEF88D2801F6F600626DDC /* NewsCache.swift */; };
		B6FEF891280215A200626DDC /* LocalUserDefaults.swift in Sources */ = {isa = PBXBuildFile; fileRef = B6FEF890280215A200626DDC /* LocalUserDefaults.swift */; };
/* End PBXBuildFile section */

/* Begin PBXFileReference section */
		776EB84C02957BEE1916D8F2 /* Pods_NewsApp.framework */ = {isa = PBXFileReference; explicitFileType = wrapper.framework; includeInIndex = 0; path = Pods_NewsApp.framework; sourceTree = BUILT_PRODUCTS_DIR; };
		79D95774E06502107F49AC5F /* Pods-NewsApp.release.xcconfig */ = {isa = PBXFileReference; includeInIndex = 1; lastKnownFileType = text.xcconfig; name = "Pods-NewsApp.release.xcconfig"; path = "Target Support Files/Pods-NewsApp/Pods-NewsApp.release.xcconfig"; sourceTree = "<group>"; };
		B64BF4EC27FFFD1E00327AE6 /* NewsApp.app */ = {isa = PBXFileReference; explicitFileType = wrapper.application; includeInIndex = 0; path = NewsApp.app; sourceTree = BUILT_PRODUCTS_DIR; };
		B64BF4EF27FFFD1E00327AE6 /* AppDelegate.swift */ = {isa = PBXFileReference; lastKnownFileType = sourcecode.swift; path = AppDelegate.swift; sourceTree = "<group>"; };
		B64BF4F127FFFD1E00327AE6 /* SceneDelegate.swift */ = {isa = PBXFileReference; lastKnownFileType = sourcecode.swift; path = SceneDelegate.swift; sourceTree = "<group>"; };
		B64BF4F927FFFD1E00327AE6 /* NewsApp.xcdatamodel */ = {isa = PBXFileReference; lastKnownFileType = wrapper.xcdatamodel; path = NewsApp.xcdatamodel; sourceTree = "<group>"; };
		B64BF4FB27FFFD1F00327AE6 /* Assets.xcassets */ = {isa = PBXFileReference; lastKnownFileType = folder.assetcatalog; path = Assets.xcassets; sourceTree = "<group>"; };
		B64BF4FE27FFFD1F00327AE6 /* Base */ = {isa = PBXFileReference; lastKnownFileType = file.storyboard; name = Base; path = Base.lproj/LaunchScreen.storyboard; sourceTree = "<group>"; };
		B64BF50027FFFD1F00327AE6 /* Info.plist */ = {isa = PBXFileReference; lastKnownFileType = text.plist.xml; path = Info.plist; sourceTree = "<group>"; };
		B65BBE6E280032D000270C0C /* Constants.swift */ = {isa = PBXFileReference; lastKnownFileType = sourcecode.swift; path = Constants.swift; sourceTree = "<group>"; };
		B65BBE722800332200270C0C /* CategoryTableViewCell.swift */ = {isa = PBXFileReference; lastKnownFileType = sourcecode.swift; path = CategoryTableViewCell.swift; sourceTree = "<group>"; };
		B65BBE732800332200270C0C /* CategoryTableViewCell.xib */ = {isa = PBXFileReference; lastKnownFileType = file.xib; path = CategoryTableViewCell.xib; sourceTree = "<group>"; };
		B65BBE7D2800585900270C0C /* Category.swift */ = {isa = PBXFileReference; lastKnownFileType = sourcecode.swift; path = Category.swift; sourceTree = "<group>"; };
		B65BBE8028005D8A00270C0C /* OnboardingViewModel.swift */ = {isa = PBXFileReference; lastKnownFileType = sourcecode.swift; path = OnboardingViewModel.swift; sourceTree = "<group>"; };
		B65BBE8428005E5800270C0C /* Protocols.swift */ = {isa = PBXFileReference; lastKnownFileType = sourcecode.swift; path = Protocols.swift; sourceTree = "<group>"; };
		B667B3CB280005A800140606 /* OnboardingViewController.swift */ = {isa = PBXFileReference; lastKnownFileType = sourcecode.swift; path = OnboardingViewController.swift; sourceTree = "<group>"; };
		B667B3CC280005A800140606 /* OnboardingViewController.xib */ = {isa = PBXFileReference; lastKnownFileType = file.xib; path = OnboardingViewController.xib; sourceTree = "<group>"; };
		B667B3FA2800188300140606 /* BaseViewController.swift */ = {isa = PBXFileReference; lastKnownFileType = sourcecode.swift; path = BaseViewController.swift; sourceTree = "<group>"; };
		B667B40D28002B0600140606 /* PickerTextField.swift */ = {isa = PBXFileReference; lastKnownFileType = sourcecode.swift; path = PickerTextField.swift; sourceTree = "<group>"; };
		B6FEF7D328012EF100626DDC /* Country.swift */ = {isa = PBXFileReference; lastKnownFileType = sourcecode.swift; path = Country.swift; sourceTree = "<group>"; };
		B6FEF7E128014F1100626DDC /* ApplicationNetworking.swift */ = {isa = PBXFileReference; lastKnownFileType = sourcecode.swift; path = ApplicationNetworking.swift; sourceTree = "<group>"; };
		B6FEF7E528014F3000626DDC /* BaseAPI.swift */ = {isa = PBXFileReference; lastKnownFileType = sourcecode.swift; path = BaseAPI.swift; sourceTree = "<group>"; };
		B6FEF7E828014F4D00626DDC /* NewsAPI.swift */ = {isa = PBXFileReference; lastKnownFileType = sourcecode.swift; path = NewsAPI.swift; sourceTree = "<group>"; };
		B6FEF7EB28014F6600626DDC /* TargetType.swift */ = {isa = PBXFileReference; lastKnownFileType = sourcecode.swift; path = TargetType.swift; sourceTree = "<group>"; };
		B6FEF82828015A9000626DDC /* NewsResponse.swift */ = {isa = PBXFileReference; lastKnownFileType = sourcecode.swift; path = NewsResponse.swift; sourceTree = "<group>"; };
		B6FEF82B28015AB400626DDC /* Article.swift */ = {isa = PBXFileReference; lastKnownFileType = sourcecode.swift; path = Article.swift; sourceTree = "<group>"; };
		B6FEF82E28015AD200626DDC /* Source.swift */ = {isa = PBXFileReference; lastKnownFileType = sourcecode.swift; path = Source.swift; sourceTree = "<group>"; };
		B6FEF83228018A7F00626DDC /* HomeViewController.swift */ = {isa = PBXFileReference; lastKnownFileType = sourcecode.swift; name = HomeViewController.swift; path = NewsApp/Home/View/HomeViewController.swift; sourceTree = SOURCE_ROOT; };
		B6FEF83328018A7F00626DDC /* HomeViewController.xib */ = {isa = PBXFileReference; lastKnownFileType = file.xib; name = HomeViewController.xib; path = NewsApp/Home/View/HomeViewController.xib; sourceTree = SOURCE_ROOT; };
		B6FEF83828018FAC00626DDC /* HomeViewModel.swift */ = {isa = PBXFileReference; lastKnownFileType = sourcecode.swift; path = HomeViewModel.swift; sourceTree = "<group>"; };
		B6FEF8412801A76900626DDC /* NewsTableViewCell.swift */ = {isa = PBXFileReference; lastKnownFileType = sourcecode.swift; path = NewsTableViewCell.swift; sourceTree = "<group>"; };
		B6FEF8422801A76900626DDC /* NewsTableViewCell.xib */ = {isa = PBXFileReference; lastKnownFileType = file.xib; path = NewsTableViewCell.xib; sourceTree = "<group>"; };
		B6FEF8852801D63100626DDC /* NewsDetailsViewController.swift */ = {isa = PBXFileReference; lastKnownFileType = sourcecode.swift; path = NewsDetailsViewController.swift; sourceTree = "<group>"; };
		B6FEF8862801D63100626DDC /* NewsDetailsViewController.xib */ = {isa = PBXFileReference; lastKnownFileType = file.xib; path = NewsDetailsViewController.xib; sourceTree = "<group>"; };
		B6FEF88D2801F6F600626DDC /* NewsCache.swift */ = {isa = PBXFileReference; lastKnownFileType = sourcecode.swift; path = NewsCache.swift; sourceTree = "<group>"; };
		B6FEF890280215A200626DDC /* LocalUserDefaults.swift */ = {isa = PBXFileReference; lastKnownFileType = sourcecode.swift; path = LocalUserDefaults.swift; sourceTree = "<group>"; };
		F0CE804CD9B49CFC4F2CA8C3 /* Pods-NewsApp.debug.xcconfig */ = {isa = PBXFileReference; includeInIndex = 1; lastKnownFileType = text.xcconfig; name = "Pods-NewsApp.debug.xcconfig"; path = "Target Support Files/Pods-NewsApp/Pods-NewsApp.debug.xcconfig"; sourceTree = "<group>"; };
/* End PBXFileReference section */

/* Begin PBXFrameworksBuildPhase section */
		B64BF4E927FFFD1E00327AE6 /* Frameworks */ = {
			isa = PBXFrameworksBuildPhase;
			buildActionMask = 2147483647;
			files = (
				444B6CFDFB5D2E0B5512EE75 /* Pods_NewsApp.framework in Frameworks */,
			);
			runOnlyForDeploymentPostprocessing = 0;
		};
/* End PBXFrameworksBuildPhase section */

/* Begin PBXGroup section */
		B64BF4E327FFFD1E00327AE6 = {
			isa = PBXGroup;
			children = (
				B64BF4EE27FFFD1E00327AE6 /* NewsApp */,
				B64BF4ED27FFFD1E00327AE6 /* Products */,
				CFAF82B49B495F22E406CD6A /* Pods */,
				D524A030F9A1FC5F82B5C9E4 /* Frameworks */,
			);
			sourceTree = "<group>";
		};
		B64BF4ED27FFFD1E00327AE6 /* Products */ = {
			isa = PBXGroup;
			children = (
				B64BF4EC27FFFD1E00327AE6 /* NewsApp.app */,
			);
			name = Products;
			sourceTree = "<group>";
		};
		B64BF4EE27FFFD1E00327AE6 /* NewsApp */ = {
			isa = PBXGroup;
			children = (
				B6FEF7E028014EF300626DDC /* Network Layer */,
				B667B3F92800185700140606 /* Base */,
				B667B3C627FFFF3000140606 /* Onboarding */,
				B6FEF7DC28014E4C00626DDC /* Home */,
				B6FEF8812801D5F600626DDC /* News Details */,
				B667B40C28002AE500140606 /* Utilites */,
				B64BF50A27FFFD4600327AE6 /* Supporting Files */,
				B64BF4F827FFFD1E00327AE6 /* NewsApp.xcdatamodeld */,
			);
			path = NewsApp;
			sourceTree = "<group>";
		};
		B64BF50A27FFFD4600327AE6 /* Supporting Files */ = {
			isa = PBXGroup;
			children = (
				B64BF4EF27FFFD1E00327AE6 /* AppDelegate.swift */,
				B64BF4F127FFFD1E00327AE6 /* SceneDelegate.swift */,
				B64BF4FB27FFFD1F00327AE6 /* Assets.xcassets */,
				B64BF4FD27FFFD1F00327AE6 /* LaunchScreen.storyboard */,
				B64BF50027FFFD1F00327AE6 /* Info.plist */,
			);
			path = "Supporting Files";
			sourceTree = "<group>";
		};
		B65BBE712800330900270C0C /* Cell */ = {
			isa = PBXGroup;
			children = (
				B65BBE722800332200270C0C /* CategoryTableViewCell.swift */,
				B65BBE732800332200270C0C /* CategoryTableViewCell.xib */,
			);
			path = Cell;
			sourceTree = "<group>";
		};
		B667B3C627FFFF3000140606 /* Onboarding */ = {
			isa = PBXGroup;
			children = (
				B667B3C927FFFF5A00140606 /* Model */,
				B667B3C827FFFF5700140606 /* View */,
				B667B3C727FFFF4400140606 /* ViewModel */,
			);
			path = Onboarding;
			sourceTree = "<group>";
		};
		B667B3C727FFFF4400140606 /* ViewModel */ = {
			isa = PBXGroup;
			children = (
				B65BBE8028005D8A00270C0C /* OnboardingViewModel.swift */,
			);
			path = ViewModel;
			sourceTree = "<group>";
		};
		B667B3C827FFFF5700140606 /* View */ = {
			isa = PBXGroup;
			children = (
				B65BBE712800330900270C0C /* Cell */,
				B667B3CB280005A800140606 /* OnboardingViewController.swift */,
				B667B3CC280005A800140606 /* OnboardingViewController.xib */,
			);
			path = View;
			sourceTree = "<group>";
		};
		B667B3C927FFFF5A00140606 /* Model */ = {
			isa = PBXGroup;
			children = (
				B65BBE7D2800585900270C0C /* Category.swift */,
				B6FEF7D328012EF100626DDC /* Country.swift */,
			);
			path = Model;
			sourceTree = "<group>";
		};
		B667B3F92800185700140606 /* Base */ = {
			isa = PBXGroup;
			children = (
				B667B3FA2800188300140606 /* BaseViewController.swift */,
				B65BBE8428005E5800270C0C /* Protocols.swift */,
			);
			path = Base;
			sourceTree = "<group>";
		};
		B667B40C28002AE500140606 /* Utilites */ = {
			isa = PBXGroup;
			children = (
				B65BBE6E280032D000270C0C /* Constants.swift */,
				B667B40D28002B0600140606 /* PickerTextField.swift */,
			);
			path = Utilites;
			sourceTree = "<group>";
		};
		B6FEF7DC28014E4C00626DDC /* Home */ = {
			isa = PBXGroup;
			children = (
				B6FEF7DF28014E6200626DDC /* Model */,
				B6FEF7DE28014E5F00626DDC /* View */,
				B6FEF7DD28014E5600626DDC /* ViewModel */,
			);
			path = Home;
			sourceTree = "<group>";
		};
		B6FEF7DD28014E5600626DDC /* ViewModel */ = {
			isa = PBXGroup;
			children = (
				B6FEF83828018FAC00626DDC /* HomeViewModel.swift */,
			);
			path = ViewModel;
			sourceTree = "<group>";
		};
		B6FEF7DE28014E5F00626DDC /* View */ = {
			isa = PBXGroup;
			children = (
				B6FEF83128018A3F00626DDC /* Cell */,
				B6FEF83228018A7F00626DDC /* HomeViewController.swift */,
				B6FEF83328018A7F00626DDC /* HomeViewController.xib */,
			);
			path = View;
			sourceTree = "<group>";
		};
		B6FEF7DF28014E6200626DDC /* Model */ = {
			isa = PBXGroup;
			children = (
				B6FEF7FC280151D200626DDC /* DTOs */,
				B6FEF7FB280150F500626DDC /* Local */,
				B6FEF7FA280150E900626DDC /* Network */,
			);
			path = Model;
			sourceTree = "<group>";
		};
		B6FEF7E028014EF300626DDC /* Network Layer */ = {
			isa = PBXGroup;
			children = (
				B6FEF7E128014F1100626DDC /* ApplicationNetworking.swift */,
				B6FEF7E528014F3000626DDC /* BaseAPI.swift */,
				B6FEF7EB28014F6600626DDC /* TargetType.swift */,
			);
			path = "Network Layer";
			sourceTree = "<group>";
		};
		B6FEF7FA280150E900626DDC /* Network */ = {
			isa = PBXGroup;
			children = (
				B6FEF7E828014F4D00626DDC /* NewsAPI.swift */,
			);
			path = Network;
			sourceTree = "<group>";
		};
		B6FEF7FB280150F500626DDC /* Local */ = {
			isa = PBXGroup;
			children = (
				B6FEF88D2801F6F600626DDC /* NewsCache.swift */,
				B6FEF890280215A200626DDC /* LocalUserDefaults.swift */,
			);
			path = Local;
			sourceTree = "<group>";
		};
		B6FEF7FC280151D200626DDC /* DTOs */ = {
			isa = PBXGroup;
			children = (
				B6FEF82828015A9000626DDC /* NewsResponse.swift */,
				B6FEF82B28015AB400626DDC /* Article.swift */,
				B6FEF82E28015AD200626DDC /* Source.swift */,
			);
			path = DTOs;
			sourceTree = "<group>";
		};
		B6FEF83128018A3F00626DDC /* Cell */ = {
			isa = PBXGroup;
			children = (
				B6FEF8412801A76900626DDC /* NewsTableViewCell.swift */,
				B6FEF8422801A76900626DDC /* NewsTableViewCell.xib */,
			);
			path = Cell;
			sourceTree = "<group>";
		};
		B6FEF8812801D5F600626DDC /* News Details */ = {
			isa = PBXGroup;
			children = (
				B6FEF8842801D60C00626DDC /* Model */,
				B6FEF8832801D60900626DDC /* View */,
				B6FEF8822801D60300626DDC /* ViewModel */,
			);
			path = "News Details";
			sourceTree = "<group>";
		};
		B6FEF8822801D60300626DDC /* ViewModel */ = {
			isa = PBXGroup;
			children = (
			);
			path = ViewModel;
			sourceTree = "<group>";
		};
		B6FEF8832801D60900626DDC /* View */ = {
			isa = PBXGroup;
			children = (
				B6FEF8852801D63100626DDC /* NewsDetailsViewController.swift */,
				B6FEF8862801D63100626DDC /* NewsDetailsViewController.xib */,
			);
			path = View;
			sourceTree = "<group>";
		};
		B6FEF8842801D60C00626DDC /* Model */ = {
			isa = PBXGroup;
			children = (
			);
			path = Model;
			sourceTree = "<group>";
		};
		CFAF82B49B495F22E406CD6A /* Pods */ = {
			isa = PBXGroup;
			children = (
				F0CE804CD9B49CFC4F2CA8C3 /* Pods-NewsApp.debug.xcconfig */,
				79D95774E06502107F49AC5F /* Pods-NewsApp.release.xcconfig */,
			);
			path = Pods;
			sourceTree = "<group>";
		};
		D524A030F9A1FC5F82B5C9E4 /* Frameworks */ = {
			isa = PBXGroup;
			children = (
				776EB84C02957BEE1916D8F2 /* Pods_NewsApp.framework */,
			);
			name = Frameworks;
			sourceTree = "<group>";
		};
/* End PBXGroup section */

/* Begin PBXNativeTarget section */
		B64BF4EB27FFFD1E00327AE6 /* NewsApp */ = {
			isa = PBXNativeTarget;
			buildConfigurationList = B64BF50327FFFD1F00327AE6 /* Build configuration list for PBXNativeTarget "NewsApp" */;
			buildPhases = (
				0A3B16D5A1ADC440F46CD637 /* [CP] Check Pods Manifest.lock */,
				B64BF4E827FFFD1E00327AE6 /* Sources */,
				B64BF4E927FFFD1E00327AE6 /* Frameworks */,
				B64BF4EA27FFFD1E00327AE6 /* Resources */,
				EA5F558E74D95E3538CB9513 /* [CP] Embed Pods Frameworks */,
			);
			buildRules = (
			);
			dependencies = (
			);
			name = NewsApp;
			productName = NewsApp;
			productReference = B64BF4EC27FFFD1E00327AE6 /* NewsApp.app */;
			productType = "com.apple.product-type.application";
		};
/* End PBXNativeTarget section */

/* Begin PBXProject section */
		B64BF4E427FFFD1E00327AE6 /* Project object */ = {
			isa = PBXProject;
			attributes = {
				LastSwiftUpdateCheck = 1220;
				LastUpgradeCheck = 1220;
				TargetAttributes = {
					B64BF4EB27FFFD1E00327AE6 = {
						CreatedOnToolsVersion = 12.2;
					};
				};
			};
			buildConfigurationList = B64BF4E727FFFD1E00327AE6 /* Build configuration list for PBXProject "NewsApp" */;
			compatibilityVersion = "Xcode 9.3";
			developmentRegion = en;
			hasScannedForEncodings = 0;
			knownRegions = (
				en,
				Base,
			);
			mainGroup = B64BF4E327FFFD1E00327AE6;
			productRefGroup = B64BF4ED27FFFD1E00327AE6 /* Products */;
			projectDirPath = "";
			projectRoot = "";
			targets = (
				B64BF4EB27FFFD1E00327AE6 /* NewsApp */,
			);
		};
/* End PBXProject section */

/* Begin PBXResourcesBuildPhase section */
		B64BF4EA27FFFD1E00327AE6 /* Resources */ = {
			isa = PBXResourcesBuildPhase;
			buildActionMask = 2147483647;
			files = (
				B6FEF8882801D63100626DDC /* NewsDetailsViewController.xib in Resources */,
				B64BF4FF27FFFD1F00327AE6 /* LaunchScreen.storyboard in Resources */,
				B667B3CE280005A800140606 /* OnboardingViewController.xib in Resources */,
				B6FEF83528018A7F00626DDC /* HomeViewController.xib in Resources */,
				B64BF4FC27FFFD1F00327AE6 /* Assets.xcassets in Resources */,
				B6FEF8442801A76900626DDC /* NewsTableViewCell.xib in Resources */,
				B65BBE752800332200270C0C /* CategoryTableViewCell.xib in Resources */,
			);
			runOnlyForDeploymentPostprocessing = 0;
		};
/* End PBXResourcesBuildPhase section */

/* Begin PBXShellScriptBuildPhase section */
		0A3B16D5A1ADC440F46CD637 /* [CP] Check Pods Manifest.lock */ = {
			isa = PBXShellScriptBuildPhase;
			buildActionMask = 2147483647;
			files = (
			);
			inputFileListPaths = (
			);
			inputPaths = (
				"${PODS_PODFILE_DIR_PATH}/Podfile.lock",
				"${PODS_ROOT}/Manifest.lock",
			);
			name = "[CP] Check Pods Manifest.lock";
			outputFileListPaths = (
			);
			outputPaths = (
				"$(DERIVED_FILE_DIR)/Pods-NewsApp-checkManifestLockResult.txt",
			);
			runOnlyForDeploymentPostprocessing = 0;
			shellPath = /bin/sh;
			shellScript = "diff \"${PODS_PODFILE_DIR_PATH}/Podfile.lock\" \"${PODS_ROOT}/Manifest.lock\" > /dev/null\nif [ $? != 0 ] ; then\n    # print error to STDERR\n    echo \"error: The sandbox is not in sync with the Podfile.lock. Run 'pod install' or update your CocoaPods installation.\" >&2\n    exit 1\nfi\n# This output is used by Xcode 'outputs' to avoid re-running this script phase.\necho \"SUCCESS\" > \"${SCRIPT_OUTPUT_FILE_0}\"\n";
			showEnvVarsInLog = 0;
		};
		EA5F558E74D95E3538CB9513 /* [CP] Embed Pods Frameworks */ = {
			isa = PBXShellScriptBuildPhase;
			buildActionMask = 2147483647;
			files = (
			);
			inputFileListPaths = (
				"${PODS_ROOT}/Target Support Files/Pods-NewsApp/Pods-NewsApp-frameworks-${CONFIGURATION}-input-files.xcfilelist",
			);
			name = "[CP] Embed Pods Frameworks";
			outputFileListPaths = (
				"${PODS_ROOT}/Target Support Files/Pods-NewsApp/Pods-NewsApp-frameworks-${CONFIGURATION}-output-files.xcfilelist",
			);
			runOnlyForDeploymentPostprocessing = 0;
			shellPath = /bin/sh;
			shellScript = "\"${PODS_ROOT}/Target Support Files/Pods-NewsApp/Pods-NewsApp-frameworks.sh\"\n";
			showEnvVarsInLog = 0;
		};
/* End PBXShellScriptBuildPhase section */

/* Begin PBXSourcesBuildPhase section */
		B64BF4E827FFFD1E00327AE6 /* Sources */ = {
			isa = PBXSourcesBuildPhase;
			buildActionMask = 2147483647;
			files = (
				B6FEF82F28015AD200626DDC /* Source.swift in Sources */,
				B667B3FB2800188300140606 /* BaseViewController.swift in Sources */,
				B64BF4F027FFFD1E00327AE6 /* AppDelegate.swift in Sources */,
				B6FEF891280215A200626DDC /* LocalUserDefaults.swift in Sources */,
				B6FEF88E2801F6F600626DDC /* NewsCache.swift in Sources */,
				B6FEF82C28015AB400626DDC /* Article.swift in Sources */,
				B6FEF7E928014F4E00626DDC /* NewsAPI.swift in Sources */,
				B64BF4FA27FFFD1E00327AE6 /* NewsApp.xcdatamodeld in Sources */,
				B6FEF7EC28014F6600626DDC /* TargetType.swift in Sources */,
				B6FEF82928015A9000626DDC /* NewsResponse.swift in Sources */,
				B65BBE8528005E5800270C0C /* Protocols.swift in Sources */,
				B6FEF8872801D63100626DDC /* NewsDetailsViewController.swift in Sources */,
				B6FEF7D428012EF100626DDC /* Country.swift in Sources */,
				B64BF4F227FFFD1E00327AE6 /* SceneDelegate.swift in Sources */,
				B65BBE6F280032D000270C0C /* Constants.swift in Sources */,
				B6FEF8432801A76900626DDC /* NewsTableViewCell.swift in Sources */,
				B65BBE8128005D8A00270C0C /* OnboardingViewModel.swift in Sources */,
				B65BBE7E2800585900270C0C /* Category.swift in Sources */,
				B667B3CD280005A800140606 /* OnboardingViewController.swift in Sources */,
				B6FEF83428018A7F00626DDC /* HomeViewController.swift in Sources */,
				B6FEF83928018FAC00626DDC /* HomeViewModel.swift in Sources */,
				B6FEF7E228014F1100626DDC /* ApplicationNetworking.swift in Sources */,
				B667B40E28002B0600140606 /* PickerTextField.swift in Sources */,
				B65BBE742800332200270C0C /* CategoryTableViewCell.swift in Sources */,
				B6FEF7E628014F3000626DDC /* BaseAPI.swift in Sources */,
			);
			runOnlyForDeploymentPostprocessing = 0;
		};
/* End PBXSourcesBuildPhase section */

/* Begin PBXVariantGroup section */
		B64BF4FD27FFFD1F00327AE6 /* LaunchScreen.storyboard */ = {
			isa = PBXVariantGroup;
			children = (
				B64BF4FE27FFFD1F00327AE6 /* Base */,
			);
			name = LaunchScreen.storyboard;
			sourceTree = "<group>";
		};
/* End PBXVariantGroup section */

/* Begin XCBuildConfiguration section */
		B64BF50127FFFD1F00327AE6 /* Debug */ = {
			isa = XCBuildConfiguration;
			buildSettings = {
				ALWAYS_SEARCH_USER_PATHS = NO;
				CLANG_ANALYZER_NONNULL = YES;
				CLANG_ANALYZER_NUMBER_OBJECT_CONVERSION = YES_AGGRESSIVE;
				CLANG_CXX_LANGUAGE_STANDARD = "gnu++14";
				CLANG_CXX_LIBRARY = "libc++";
				CLANG_ENABLE_MODULES = YES;
				CLANG_ENABLE_OBJC_ARC = YES;
				CLANG_ENABLE_OBJC_WEAK = YES;
				CLANG_WARN_BLOCK_CAPTURE_AUTORELEASING = YES;
				CLANG_WARN_BOOL_CONVERSION = YES;
				CLANG_WARN_COMMA = YES;
				CLANG_WARN_CONSTANT_CONVERSION = YES;
				CLANG_WARN_DEPRECATED_OBJC_IMPLEMENTATIONS = YES;
				CLANG_WARN_DIRECT_OBJC_ISA_USAGE = YES_ERROR;
				CLANG_WARN_DOCUMENTATION_COMMENTS = YES;
				CLANG_WARN_EMPTY_BODY = YES;
				CLANG_WARN_ENUM_CONVERSION = YES;
				CLANG_WARN_INFINITE_RECURSION = YES;
				CLANG_WARN_INT_CONVERSION = YES;
				CLANG_WARN_NON_LITERAL_NULL_CONVERSION = YES;
				CLANG_WARN_OBJC_IMPLICIT_RETAIN_SELF = YES;
				CLANG_WARN_OBJC_LITERAL_CONVERSION = YES;
				CLANG_WARN_OBJC_ROOT_CLASS = YES_ERROR;
				CLANG_WARN_QUOTED_INCLUDE_IN_FRAMEWORK_HEADER = YES;
				CLANG_WARN_RANGE_LOOP_ANALYSIS = YES;
				CLANG_WARN_STRICT_PROTOTYPES = YES;
				CLANG_WARN_SUSPICIOUS_MOVE = YES;
				CLANG_WARN_UNGUARDED_AVAILABILITY = YES_AGGRESSIVE;
				CLANG_WARN_UNREACHABLE_CODE = YES;
				CLANG_WARN__DUPLICATE_METHOD_MATCH = YES;
				COPY_PHASE_STRIP = NO;
				DEBUG_INFORMATION_FORMAT = dwarf;
				ENABLE_STRICT_OBJC_MSGSEND = YES;
				ENABLE_TESTABILITY = YES;
				GCC_C_LANGUAGE_STANDARD = gnu11;
				GCC_DYNAMIC_NO_PIC = NO;
				GCC_NO_COMMON_BLOCKS = YES;
				GCC_OPTIMIZATION_LEVEL = 0;
				GCC_PREPROCESSOR_DEFINITIONS = (
					"DEBUG=1",
					"$(inherited)",
				);
				GCC_WARN_64_TO_32_BIT_CONVERSION = YES;
				GCC_WARN_ABOUT_RETURN_TYPE = YES_ERROR;
				GCC_WARN_UNDECLARED_SELECTOR = YES;
				GCC_WARN_UNINITIALIZED_AUTOS = YES_AGGRESSIVE;
				GCC_WARN_UNUSED_FUNCTION = YES;
				GCC_WARN_UNUSED_VARIABLE = YES;
				IPHONEOS_DEPLOYMENT_TARGET = 14.2;
				MTL_ENABLE_DEBUG_INFO = INCLUDE_SOURCE;
				MTL_FAST_MATH = YES;
				ONLY_ACTIVE_ARCH = YES;
				SDKROOT = iphoneos;
				SWIFT_ACTIVE_COMPILATION_CONDITIONS = DEBUG;
				SWIFT_OPTIMIZATION_LEVEL = "-Onone";
			};
			name = Debug;
		};
		B64BF50227FFFD1F00327AE6 /* Release */ = {
			isa = XCBuildConfiguration;
			buildSettings = {
				ALWAYS_SEARCH_USER_PATHS = NO;
				CLANG_ANALYZER_NONNULL = YES;
				CLANG_ANALYZER_NUMBER_OBJECT_CONVERSION = YES_AGGRESSIVE;
				CLANG_CXX_LANGUAGE_STANDARD = "gnu++14";
				CLANG_CXX_LIBRARY = "libc++";
				CLANG_ENABLE_MODULES = YES;
				CLANG_ENABLE_OBJC_ARC = YES;
				CLANG_ENABLE_OBJC_WEAK = YES;
				CLANG_WARN_BLOCK_CAPTURE_AUTORELEASING = YES;
				CLANG_WARN_BOOL_CONVERSION = YES;
				CLANG_WARN_COMMA = YES;
				CLANG_WARN_CONSTANT_CONVERSION = YES;
				CLANG_WARN_DEPRECATED_OBJC_IMPLEMENTATIONS = YES;
				CLANG_WARN_DIRECT_OBJC_ISA_USAGE = YES_ERROR;
				CLANG_WARN_DOCUMENTATION_COMMENTS = YES;
				CLANG_WARN_EMPTY_BODY = YES;
				CLANG_WARN_ENUM_CONVERSION = YES;
				CLANG_WARN_INFINITE_RECURSION = YES;
				CLANG_WARN_INT_CONVERSION = YES;
				CLANG_WARN_NON_LITERAL_NULL_CONVERSION = YES;
				CLANG_WARN_OBJC_IMPLICIT_RETAIN_SELF = YES;
				CLANG_WARN_OBJC_LITERAL_CONVERSION = YES;
				CLANG_WARN_OBJC_ROOT_CLASS = YES_ERROR;
				CLANG_WARN_QUOTED_INCLUDE_IN_FRAMEWORK_HEADER = YES;
				CLANG_WARN_RANGE_LOOP_ANALYSIS = YES;
				CLANG_WARN_STRICT_PROTOTYPES = YES;
				CLANG_WARN_SUSPICIOUS_MOVE = YES;
				CLANG_WARN_UNGUARDED_AVAILABILITY = YES_AGGRESSIVE;
				CLANG_WARN_UNREACHABLE_CODE = YES;
				CLANG_WARN__DUPLICATE_METHOD_MATCH = YES;
				COPY_PHASE_STRIP = NO;
				DEBUG_INFORMATION_FORMAT = "dwarf-with-dsym";
				ENABLE_NS_ASSERTIONS = NO;
				ENABLE_STRICT_OBJC_MSGSEND = YES;
				GCC_C_LANGUAGE_STANDARD = gnu11;
				GCC_NO_COMMON_BLOCKS = YES;
				GCC_WARN_64_TO_32_BIT_CONVERSION = YES;
				GCC_WARN_ABOUT_RETURN_TYPE = YES_ERROR;
				GCC_WARN_UNDECLARED_SELECTOR = YES;
				GCC_WARN_UNINITIALIZED_AUTOS = YES_AGGRESSIVE;
				GCC_WARN_UNUSED_FUNCTION = YES;
				GCC_WARN_UNUSED_VARIABLE = YES;
				IPHONEOS_DEPLOYMENT_TARGET = 14.2;
				MTL_ENABLE_DEBUG_INFO = NO;
				MTL_FAST_MATH = YES;
				SDKROOT = iphoneos;
				SWIFT_COMPILATION_MODE = wholemodule;
				SWIFT_OPTIMIZATION_LEVEL = "-O";
				VALIDATE_PRODUCT = YES;
			};
			name = Release;
		};
		B64BF50427FFFD1F00327AE6 /* Debug */ = {
			isa = XCBuildConfiguration;
			baseConfigurationReference = F0CE804CD9B49CFC4F2CA8C3 /* Pods-NewsApp.debug.xcconfig */;
			buildSettings = {
				ASSETCATALOG_COMPILER_APPICON_NAME = AppIcon;
				ASSETCATALOG_COMPILER_GLOBAL_ACCENT_COLOR_NAME = AccentColor;
				CODE_SIGN_STYLE = Automatic;
				INFOPLIST_FILE = "NewsApp/Supporting Files/Info.plist";
				LD_RUNPATH_SEARCH_PATHS = (
					"$(inherited)",
					"@executable_path/Frameworks",
				);
				PRODUCT_BUNDLE_IDENTIFIER = ahmedSharf.NewsApp;
				PRODUCT_NAME = "$(TARGET_NAME)";
				SWIFT_VERSION = 5.0;
				TARGETED_DEVICE_FAMILY = 1;
			};
			name = Debug;
		};
		B64BF50527FFFD1F00327AE6 /* Release */ = {
			isa = XCBuildConfiguration;
			baseConfigurationReference = 79D95774E06502107F49AC5F /* Pods-NewsApp.release.xcconfig */;
			buildSettings = {
				ASSETCATALOG_COMPILER_APPICON_NAME = AppIcon;
				ASSETCATALOG_COMPILER_GLOBAL_ACCENT_COLOR_NAME = AccentColor;
				CODE_SIGN_STYLE = Automatic;
				INFOPLIST_FILE = "NewsApp/Supporting Files/Info.plist";
				LD_RUNPATH_SEARCH_PATHS = (
					"$(inherited)",
					"@executable_path/Frameworks",
				);
				PRODUCT_BUNDLE_IDENTIFIER = ahmedSharf.NewsApp;
				PRODUCT_NAME = "$(TARGET_NAME)";
				SWIFT_VERSION = 5.0;
				TARGETED_DEVICE_FAMILY = 1;
			};
			name = Release;
		};
/* End XCBuildConfiguration section */

/* Begin XCConfigurationList section */
		B64BF4E727FFFD1E00327AE6 /* Build configuration list for PBXProject "NewsApp" */ = {
			isa = XCConfigurationList;
			buildConfigurations = (
				B64BF50127FFFD1F00327AE6 /* Debug */,
				B64BF50227FFFD1F00327AE6 /* Release */,
			);
			defaultConfigurationIsVisible = 0;
			defaultConfigurationName = Release;
		};
		B64BF50327FFFD1F00327AE6 /* Build configuration list for PBXNativeTarget "NewsApp" */ = {
			isa = XCConfigurationList;
			buildConfigurations = (
				B64BF50427FFFD1F00327AE6 /* Debug */,
				B64BF50527FFFD1F00327AE6 /* Release */,
			);
			defaultConfigurationIsVisible = 0;
			defaultConfigurationName = Release;
		};
/* End XCConfigurationList section */

/* Begin XCVersionGroup section */
		B64BF4F827FFFD1E00327AE6 /* NewsApp.xcdatamodeld */ = {
			isa = XCVersionGroup;
			children = (
				B64BF4F927FFFD1E00327AE6 /* NewsApp.xcdatamodel */,
			);
			currentVersion = B64BF4F927FFFD1E00327AE6 /* NewsApp.xcdatamodel */;
			path = NewsApp.xcdatamodeld;
			sourceTree = "<group>";
			versionGroupType = wrapper.xcdatamodel;
		};
/* End XCVersionGroup section */
	};
	rootObject = B64BF4E427FFFD1E00327AE6 /* Project object */;
}
